
Microsoft Visual Studio Solution File, Format Version 12.00
# Visual Studio Version 16
VisualStudioVersion = 16.0.32106.194
MinimumVisualStudioVersion = 10.0.40219.1
Project("{FAE04EC0-301F-11D3-BF4B-00C04F79EFBC}") = "ThedoorCode", "ThedoorCode\ThedoorCode.csproj", "{84662230-A155-4EB5-9E0E-E12803B0E4E7}"
EndProject
Global
	GlobalSection(SolutionConfigurationPlatforms) = preSolution
		Debug|Any CPU = Debug|Any CPU
		Release|Any CPU = Release|Any CPU
	EndGlobalSection
	GlobalSection(ProjectConfigurationPlatforms) = postSolution
		{84662230-A155-4EB5-9E0E-E12803B0E4E7}.Debug|Any CPU.ActiveCfg = Debug|Any CPU
		{84662230-A155-4EB5-9E0E-E12803B0E4E7}.Debug|Any CPU.Build.0 = Debug|Any CPU
		{84662230-A155-4EB5-9E0E-E12803B0E4E7}.Release|Any CPU.ActiveCfg = Release|Any CPU
		{84662230-A155-4EB5-9E0E-E12803B0E4E7}.Release|Any CPU.Build.0 = Release|Any CPU
	EndGlobalSection
	GlobalSection(SolutionProperties) = preSolution
		HideSolutionNode = FALSE
	EndGlobalSection
	GlobalSection(ExtensibilityGlobals) = postSolution
		SolutionGuid = {64D3E3AF-F255-4B3B-BF85-953FCE7D7812}
	EndGlobalSection
EndGlobal
